
Microsoft Visual Studio Solution File, Format Version 12.00
# Visual Studio Version 17
VisualStudioVersion = 17.2.32630.192
MinimumVisualStudioVersion = 10.0.40219.1
Project("{FAE04EC0-301F-11D3-BF4B-00C04F79EFBC}") = "dotNet5781_00_3729_1237", "dotNet5781_00_3729_1237\dotNet5781_00_3729_1237.csproj", "{6F67CD2F-0174-49C5-B00E-C125CCFEC16D}"
EndProject
Project("{FAE04EC0-301F-11D3-BF4B-00C04F79EFBC}") = "dotNet5781_01_3729_1237", "dotNet5781_01_3729_1237\dotNet5781_01_3729_1237.csproj", "{D84ACCEF-7127-492F-B466-660AFDFBB14F}"
EndProject
Project("{FAE04EC0-301F-11D3-BF4B-00C04F79EFBC}") = "dotNet5781_02_3729_1237", "dotNet5781_02_3729_1237\dotNet5781_02_3729_1237.csproj", "{556C6C64-F0E3-4252-B8D6-E97D90D235C5}"
EndProject
Project("{FAE04EC0-301F-11D3-BF4B-00C04F79EFBC}") = "dotNet5781_03A_3729_1237", "dotNet5781_03A_3729_1237\dotNet5781_03A_3729_1237.csproj", "{14811EB0-5F93-412C-868B-D2B2B4BB1208}"
EndProject
Project("{FAE04EC0-301F-11D3-BF4B-00C04F79EFBC}") = "dotNet5781_03B_3729_1237", "dotNet5781_03B_3729_1237\dotNet5781_03B_3729_1237.csproj", "{83ED7CDB-ADFB-47C2-9CEF-68D17F43E009}"
EndProject
Project("{FAE04EC0-301F-11D3-BF4B-00C04F79EFBC}") = "PLGui", "PlGui\PLGui.csproj", "{974F7C73-763C-4A5C-B7CF-85BBB598382E}"
EndProject
Project("{FAE04EC0-301F-11D3-BF4B-00C04F79EFBC}") = "Bl", "Bl\Bl.csproj", "{C5268CD6-A544-4FBF-A8D2-18D55AF42A49}"
EndProject
Project("{FAE04EC0-301F-11D3-BF4B-00C04F79EFBC}") = "DALApi", "DalApi\DALApi.csproj", "{D127B805-2D70-44E2-B7E1-5EDB86A2EE4D}"
EndProject
Project("{FAE04EC0-301F-11D3-BF4B-00C04F79EFBC}") = "DS", "DS\DS.csproj", "{BCAE9683-37DD-4A4F-B9A3-6521959FD0D2}"
EndProject
Project("{FAE04EC0-301F-11D3-BF4B-00C04F79EFBC}") = "DALObject", "DalObject\DALObject.csproj", "{0C4F9D9E-E8B0-43ED-AB11-D197FEA14AF6}"
EndProject
Project("{FAE04EC0-301F-11D3-BF4B-00C04F79EFBC}") = "DALXml", "DalXml\DALXml.csproj", "{67A3931F-C012-472C-9242-B27C756EA5B0}"
EndProject
Project("{2150E333-8FDC-42A3-9474-1A3956D46DE8}") = "solution items", "solution items", "{A3B5077C-5C8B-4D13-9B24-53FBB48DE52B}"
	ProjectSection(SolutionItems) = preProject
		bin\config.xml = bin\config.xml
		bin\Specification document.docx = bin\Specification document.docx
		bin\stops.txt = bin\stops.txt
	EndProjectSection
EndProject
Project("{2150E333-8FDC-42A3-9474-1A3956D46DE8}") = "XML", "XML", "{452C16DF-369A-4670-905E-CBECEA74BD11}"
	ProjectSection(SolutionItems) = preProject
		bin\XML\BusesOnTripXml.xml = bin\XML\BusesOnTripXml.xml
		bin\XML\BusesXml.xml = bin\XML\BusesXml.xml
		bin\XML\BusStopsXml.xml = bin\XML\BusStopsXml.xml
		bin\XML\ConsecutiveStopsXml.xml = bin\XML\ConsecutiveStopsXml.xml
		bin\XML\DriversXml.xml = bin\XML\DriversXml.xml
		bin\XML\LinesXml.xml = bin\XML\LinesXml.xml
		bin\XML\LineTripsXml.xml = bin\XML\LineTripsXml.xml
		bin\XML\runingNumbersXml.xml = bin\XML\runingNumbersXml.xml
		bin\XML\StopLinesXml.xml = bin\XML\StopLinesXml.xml
		bin\XML\UsersXml.xml = bin\XML\UsersXml.xml
	EndProjectSection
EndProject
Global
	GlobalSection(SolutionConfigurationPlatforms) = preSolution
		Debug|Any CPU = Debug|Any CPU
		Release|Any CPU = Release|Any CPU
	EndGlobalSection
	GlobalSection(ProjectConfigurationPlatforms) = postSolution
		{6F67CD2F-0174-49C5-B00E-C125CCFEC16D}.Debug|Any CPU.ActiveCfg = Debug|Any CPU
		{6F67CD2F-0174-49C5-B00E-C125CCFEC16D}.Debug|Any CPU.Build.0 = Debug|Any CPU
		{6F67CD2F-0174-49C5-B00E-C125CCFEC16D}.Release|Any CPU.ActiveCfg = Release|Any CPU
		{6F67CD2F-0174-49C5-B00E-C125CCFEC16D}.Release|Any CPU.Build.0 = Release|Any CPU
		{D84ACCEF-7127-492F-B466-660AFDFBB14F}.Debug|Any CPU.ActiveCfg = Debug|Any CPU
		{D84ACCEF-7127-492F-B466-660AFDFBB14F}.Debug|Any CPU.Build.0 = Debug|Any CPU
		{D84ACCEF-7127-492F-B466-660AFDFBB14F}.Release|Any CPU.ActiveCfg = Release|Any CPU
		{D84ACCEF-7127-492F-B466-660AFDFBB14F}.Release|Any CPU.Build.0 = Release|Any CPU
		{556C6C64-F0E3-4252-B8D6-E97D90D235C5}.Debug|Any CPU.ActiveCfg = Debug|Any CPU
		{556C6C64-F0E3-4252-B8D6-E97D90D235C5}.Debug|Any CPU.Build.0 = Debug|Any CPU
		{556C6C64-F0E3-4252-B8D6-E97D90D235C5}.Release|Any CPU.ActiveCfg = Release|Any CPU
		{556C6C64-F0E3-4252-B8D6-E97D90D235C5}.Release|Any CPU.Build.0 = Release|Any CPU
		{14811EB0-5F93-412C-868B-D2B2B4BB1208}.Debug|Any CPU.ActiveCfg = Debug|Any CPU
		{14811EB0-5F93-412C-868B-D2B2B4BB1208}.Debug|Any CPU.Build.0 = Debug|Any CPU
		{14811EB0-5F93-412C-868B-D2B2B4BB1208}.Release|Any CPU.ActiveCfg = Release|Any CPU
		{14811EB0-5F93-412C-868B-D2B2B4BB1208}.Release|Any CPU.Build.0 = Release|Any CPU
		{83ED7CDB-ADFB-47C2-9CEF-68D17F43E009}.Debug|Any CPU.ActiveCfg = Debug|Any CPU
		{83ED7CDB-ADFB-47C2-9CEF-68D17F43E009}.Debug|Any CPU.Build.0 = Debug|Any CPU
		{83ED7CDB-ADFB-47C2-9CEF-68D17F43E009}.Release|Any CPU.ActiveCfg = Release|Any CPU
		{83ED7CDB-ADFB-47C2-9CEF-68D17F43E009}.Release|Any CPU.Build.0 = Release|Any CPU
		{974F7C73-763C-4A5C-B7CF-85BBB598382E}.Debug|Any CPU.ActiveCfg = Debug|Any CPU
		{974F7C73-763C-4A5C-B7CF-85BBB598382E}.Debug|Any CPU.Build.0 = Debug|Any CPU
		{974F7C73-763C-4A5C-B7CF-85BBB598382E}.Release|Any CPU.ActiveCfg = Release|Any CPU
		{974F7C73-763C-4A5C-B7CF-85BBB598382E}.Release|Any CPU.Build.0 = Release|Any CPU
		{C5268CD6-A544-4FBF-A8D2-18D55AF42A49}.Debug|Any CPU.ActiveCfg = Debug|Any CPU
		{C5268CD6-A544-4FBF-A8D2-18D55AF42A49}.Debug|Any CPU.Build.0 = Debug|Any CPU
		{C5268CD6-A544-4FBF-A8D2-18D55AF42A49}.Release|Any CPU.ActiveCfg = Release|Any CPU
		{C5268CD6-A544-4FBF-A8D2-18D55AF42A49}.Release|Any CPU.Build.0 = Release|Any CPU
		{D127B805-2D70-44E2-B7E1-5EDB86A2EE4D}.Debug|Any CPU.ActiveCfg = Debug|Any CPU
		{D127B805-2D70-44E2-B7E1-5EDB86A2EE4D}.Debug|Any CPU.Build.0 = Debug|Any CPU
		{D127B805-2D70-44E2-B7E1-5EDB86A2EE4D}.Release|Any CPU.ActiveCfg = Release|Any CPU
		{D127B805-2D70-44E2-B7E1-5EDB86A2EE4D}.Release|Any CPU.Build.0 = Release|Any CPU
		{BCAE9683-37DD-4A4F-B9A3-6521959FD0D2}.Debug|Any CPU.ActiveCfg = Debug|Any CPU
		{BCAE9683-37DD-4A4F-B9A3-6521959FD0D2}.Debug|Any CPU.Build.0 = Debug|Any CPU
		{BCAE9683-37DD-4A4F-B9A3-6521959FD0D2}.Release|Any CPU.ActiveCfg = Release|Any CPU
		{BCAE9683-37DD-4A4F-B9A3-6521959FD0D2}.Release|Any CPU.Build.0 = Release|Any CPU
		{0C4F9D9E-E8B0-43ED-AB11-D197FEA14AF6}.Debug|Any CPU.ActiveCfg = Debug|Any CPU
		{0C4F9D9E-E8B0-43ED-AB11-D197FEA14AF6}.Debug|Any CPU.Build.0 = Debug|Any CPU
		{0C4F9D9E-E8B0-43ED-AB11-D197FEA14AF6}.Release|Any CPU.ActiveCfg = Release|Any CPU
		{0C4F9D9E-E8B0-43ED-AB11-D197FEA14AF6}.Release|Any CPU.Build.0 = Release|Any CPU
		{67A3931F-C012-472C-9242-B27C756EA5B0}.Debug|Any CPU.ActiveCfg = Debug|Any CPU
		{67A3931F-C012-472C-9242-B27C756EA5B0}.Debug|Any CPU.Build.0 = Debug|Any CPU
		{67A3931F-C012-472C-9242-B27C756EA5B0}.Release|Any CPU.ActiveCfg = Release|Any CPU
		{67A3931F-C012-472C-9242-B27C756EA5B0}.Release|Any CPU.Build.0 = Release|Any CPU
	EndGlobalSection
	GlobalSection(SolutionProperties) = preSolution
		HideSolutionNode = FALSE
	EndGlobalSection
	GlobalSection(NestedProjects) = preSolution
		{452C16DF-369A-4670-905E-CBECEA74BD11} = {A3B5077C-5C8B-4D13-9B24-53FBB48DE52B}
	EndGlobalSection
	GlobalSection(ExtensibilityGlobals) = postSolution
		SolutionGuid = {01AEC922-711B-4754-88CA-BB77A0A6C837}
	EndGlobalSection
EndGlobal
